
Microsoft Visual Studio Solution File, Format Version 12.00
# Visual Studio 15
VisualStudioVersion = 15.0.27130.2027
MinimumVisualStudioVersion = 10.0.40219.1
Project("{FAE04EC0-301F-11D3-BF4B-00C04F79EFBC}") = "ApiExample", "ExampleProject\ApiExample.csproj", "{2EF87AA1-DCE8-476A-887D-994D00F5B074}"
EndProject
Global
	GlobalSection(SolutionConfigurationPlatforms) = preSolution
		Debug|Any CPU = Debug|Any CPU
		Release|Any CPU = Release|Any CPU
	EndGlobalSection
	GlobalSection(ProjectConfigurationPlatforms) = postSolution
		{2EF87AA1-DCE8-476A-887D-994D00F5B074}.Debug|Any CPU.ActiveCfg = Debug|Any CPU
		{2EF87AA1-DCE8-476A-887D-994D00F5B074}.Debug|Any CPU.Build.0 = Debug|Any CPU
		{2EF87AA1-DCE8-476A-887D-994D00F5B074}.Release|Any CPU.ActiveCfg = Release|Any CPU
		{2EF87AA1-DCE8-476A-887D-994D00F5B074}.Release|Any CPU.Build.0 = Release|Any CPU
	EndGlobalSection
	GlobalSection(SolutionProperties) = preSolution
		HideSolutionNode = FALSE
	EndGlobalSection
	GlobalSection(ExtensibilityGlobals) = postSolution
		SolutionGuid = {01F98955-396B-45B0-9046-7A18C5ECBE1F}
	EndGlobalSection
EndGlobal
